# This file was autogenerated by Stack.
# You should not edit this file by hand.
# For more information, please see the documentation at:
#   https://docs.haskellstack.org/en/stable/lock_files

packages: []
snapshots:
- completed:
    sha256: 845b026f0fd2938dd9f782a74bdff72d110e83ad6fc76d4bfab625f32175dfec
    size: 595941
    url: https://raw.githubusercontent.com/commercialhaskell/stackage-snapshots/master/nightly/2023/1/25.yaml
  original: nightly-2023-01-25
